
Microsoft Visual Studio Solution File, Format Version 12.00
# Visual Studio Version 17
VisualStudioVersion = 17.14.36301.6
MinimumVisualStudioVersion = 10.0.40219.1
Project("{FAE04EC0-301F-11D3-BF4B-00C04F79EFBC}") = "ptc_IGH_Sys", "ptc_IGH_Sys.csproj", "{7BEA53B5-AC41-4340-8793-DDDABEFF5418}"
EndProject
Global
	GlobalSection(SolutionConfigurationPlatforms) = preSolution
		Debug|Any CPU = Debug|Any CPU
		Release|Any CPU = Release|Any CPU
	EndGlobalSection
	GlobalSection(ProjectConfigurationPlatforms) = postSolution
		{7BEA53B5-AC41-4340-8793-DDDABEFF5418}.Debug|Any CPU.ActiveCfg = Debug|Any CPU
		{7BEA53B5-AC41-4340-8793-DDDABEFF5418}.Debug|Any CPU.Build.0 = Debug|Any CPU
		{7BEA53B5-AC41-4340-8793-DDDABEFF5418}.Release|Any CPU.ActiveCfg = Release|Any CPU
		{7BEA53B5-AC41-4340-8793-DDDABEFF5418}.Release|Any CPU.Build.0 = Release|Any CPU
	EndGlobalSection
	GlobalSection(SolutionProperties) = preSolution
		HideSolutionNode = FALSE
	EndGlobalSection
	GlobalSection(ExtensibilityGlobals) = postSolution
		SolutionGuid = {62AB7919-6392-4C9D-B92A-64F0D89BA3FB}
	EndGlobalSection
EndGlobal
